
Microsoft Visual Studio Solution File, Format Version 12.00
# Visual Studio Version 17
VisualStudioVersion = 17.14.36518.9 d17.14
MinimumVisualStudioVersion = 10.0.40219.1
Project("{FAE04EC0-301F-11D3-BF4B-00C04F79EFBC}") = "bai1thuchanh", "bai1thuchanh.csproj", "{38F22319-4A3C-46EB-B943-856F1AD755D6}"
EndProject
Global
	GlobalSection(SolutionConfigurationPlatforms) = preSolution
		Debug|Any CPU = Debug|Any CPU
		Release|Any CPU = Release|Any CPU
	EndGlobalSection
	GlobalSection(ProjectConfigurationPlatforms) = postSolution
		{38F22319-4A3C-46EB-B943-856F1AD755D6}.Debug|Any CPU.ActiveCfg = Debug|Any CPU
		{38F22319-4A3C-46EB-B943-856F1AD755D6}.Debug|Any CPU.Build.0 = Debug|Any CPU
		{38F22319-4A3C-46EB-B943-856F1AD755D6}.Release|Any CPU.ActiveCfg = Release|Any CPU
		{38F22319-4A3C-46EB-B943-856F1AD755D6}.Release|Any CPU.Build.0 = Release|Any CPU
	EndGlobalSection
	GlobalSection(SolutionProperties) = preSolution
		HideSolutionNode = FALSE
	EndGlobalSection
	GlobalSection(ExtensibilityGlobals) = postSolution
		SolutionGuid = {B3F25A61-76D8-47EC-B291-658ACFADD62F}
	EndGlobalSection
EndGlobal
